
Microsoft Visual Studio Solution File, Format Version 12.00
Project("{FAE04EC0-301F-11D3-BF4B-00C04F79EFBC}") = "InGameHeroSwitch", "InGameHeroSwitch.csproj", "{ACDDE43E-5810-42FF-B462-96E4DB11CA2D}"
EndProject
Global
	GlobalSection(SolutionConfigurationPlatforms) = preSolution
		Debug|Any CPU = Debug|Any CPU
		Release|Any CPU = Release|Any CPU
	EndGlobalSection
	GlobalSection(ProjectConfigurationPlatforms) = postSolution
		{ACDDE43E-5810-42FF-B462-96E4DB11CA2D}.Debug|Any CPU.ActiveCfg = Debug|Any CPU
		{ACDDE43E-5810-42FF-B462-96E4DB11CA2D}.Debug|Any CPU.Build.0 = Debug|Any CPU
		{ACDDE43E-5810-42FF-B462-96E4DB11CA2D}.Release|Any CPU.ActiveCfg = Release|Any CPU
		{ACDDE43E-5810-42FF-B462-96E4DB11CA2D}.Release|Any CPU.Build.0 = Release|Any CPU
	EndGlobalSection
EndGlobal
