
Microsoft Visual Studio Solution File, Format Version 12.00
Project("{FAE04EC0-301F-11D3-BF4B-00C04F79EFBC}") = "AbilityChoice", "AbilityChoice.csproj", "{078002A0-DD45-4E97-8F43-65639DA871D3}"
EndProject
Global
	GlobalSection(SolutionConfigurationPlatforms) = preSolution
		Debug|Any CPU = Debug|Any CPU
		Release|Any CPU = Release|Any CPU
	EndGlobalSection
	GlobalSection(ProjectConfigurationPlatforms) = postSolution
		{078002A0-DD45-4E97-8F43-65639DA871D3}.Debug|Any CPU.ActiveCfg = Debug|Any CPU
		{078002A0-DD45-4E97-8F43-65639DA871D3}.Debug|Any CPU.Build.0 = Debug|Any CPU
		{078002A0-DD45-4E97-8F43-65639DA871D3}.Release|Any CPU.ActiveCfg = Release|Any CPU
		{078002A0-DD45-4E97-8F43-65639DA871D3}.Release|Any CPU.Build.0 = Release|Any CPU
	EndGlobalSection
EndGlobal
