
Microsoft Visual Studio Solution File, Format Version 12.00
# Visual Studio Version 17
VisualStudioVersion = 17.0.31612.314
MinimumVisualStudioVersion = 10.0.40219.1
Project("{FAE04EC0-301F-11D3-BF4B-00C04F79EFBC}") = "TempleSacrificeHelper", "TempleSacrificeHelper.csproj", "{E9A6F0EC-73C8-4DFC-AAA2-499E9129B666}"
EndProject
Global
	GlobalSection(SolutionConfigurationPlatforms) = preSolution
		Debug|Any CPU = Debug|Any CPU
		Release|Any CPU = Release|Any CPU
	EndGlobalSection
	GlobalSection(ProjectConfigurationPlatforms) = postSolution
		{E9A6F0EC-73C8-4DFC-AAA2-499E9129B666}.Debug|Any CPU.ActiveCfg = Debug|Any CPU
		{E9A6F0EC-73C8-4DFC-AAA2-499E9129B666}.Debug|Any CPU.Build.0 = Debug|Any CPU
		{E9A6F0EC-73C8-4DFC-AAA2-499E9129B666}.Release|Any CPU.ActiveCfg = Release|Any CPU
		{E9A6F0EC-73C8-4DFC-AAA2-499E9129B666}.Release|Any CPU.Build.0 = Release|Any CPU
	EndGlobalSection
	GlobalSection(SolutionProperties) = preSolution
		HideSolutionNode = FALSE
	EndGlobalSection
	GlobalSection(ExtensibilityGlobals) = postSolution
		SolutionGuid = {9DBBB7EB-17DD-4BD9-A71D-D34F486DCF5F}
	EndGlobalSection
EndGlobal
